
Microsoft Visual Studio Solution File, Format Version 12.00
# 
Project("{2150E333-8FDC-42A3-9474-1A3956D46DE8}") = "Patterns", "Patterns", "{A0449F77-DA15-4378-B09E-CB527EBA878B}"
EndProject
Project("{2150E333-8FDC-42A3-9474-1A3956D46DE8}") = "Generative", "Generative", "{5965F3EE-3672-4ADF-8811-8426E3E5FF8A}"
EndProject
Project("{FAE04EC0-301F-11D3-BF4B-00C04F79EFBC}") = "Patterns.FactoryMethod", "Patterns\Generative\Patterns.FactoryMethod\Patterns.FactoryMethod.csproj", "{6F64F946-5867-4F04-BEE6-81580944C91F}"
EndProject
Project("{FAE04EC0-301F-11D3-BF4B-00C04F79EFBC}") = "Patterns.AbstractFactory", "Patterns\Generative\Patterns.AbstractFactory\Patterns.AbstractFactory.csproj", "{0ED41C3C-3671-488C-838D-A343E391EAD9}"
EndProject
Global
	GlobalSection(SolutionConfigurationPlatforms) = preSolution
		Debug|Any CPU = Debug|Any CPU
		Release|Any CPU = Release|Any CPU
	EndGlobalSection
	GlobalSection(ProjectConfigurationPlatforms) = postSolution
		{6F64F946-5867-4F04-BEE6-81580944C91F}.Debug|Any CPU.ActiveCfg = Debug|Any CPU
		{6F64F946-5867-4F04-BEE6-81580944C91F}.Debug|Any CPU.Build.0 = Debug|Any CPU
		{6F64F946-5867-4F04-BEE6-81580944C91F}.Release|Any CPU.ActiveCfg = Release|Any CPU
		{6F64F946-5867-4F04-BEE6-81580944C91F}.Release|Any CPU.Build.0 = Release|Any CPU
		{0ED41C3C-3671-488C-838D-A343E391EAD9}.Debug|Any CPU.ActiveCfg = Debug|Any CPU
		{0ED41C3C-3671-488C-838D-A343E391EAD9}.Debug|Any CPU.Build.0 = Debug|Any CPU
		{0ED41C3C-3671-488C-838D-A343E391EAD9}.Release|Any CPU.ActiveCfg = Release|Any CPU
		{0ED41C3C-3671-488C-838D-A343E391EAD9}.Release|Any CPU.Build.0 = Release|Any CPU
	EndGlobalSection
	GlobalSection(NestedProjects) = preSolution
		{5965F3EE-3672-4ADF-8811-8426E3E5FF8A} = {A0449F77-DA15-4378-B09E-CB527EBA878B}
		{6F64F946-5867-4F04-BEE6-81580944C91F} = {5965F3EE-3672-4ADF-8811-8426E3E5FF8A}
		{0ED41C3C-3671-488C-838D-A343E391EAD9} = {5965F3EE-3672-4ADF-8811-8426E3E5FF8A}
	EndGlobalSection
EndGlobal
